
Microsoft Visual Studio Solution File, Format Version 12.00
# Visual Studio Version 16
VisualStudioVersion = 16.0.29613.14
MinimumVisualStudioVersion = 10.0.40219.1
Project("{FAE04EC0-301F-11D3-BF4B-00C04F79EFBC}") = "IDS4", "IDS4\IDS4.csproj", "{1E91E65C-2C1C-4D38-9B25-F7EB2F3BB22E}"
EndProject
Global
	GlobalSection(SolutionConfigurationPlatforms) = preSolution
		Debug|Any CPU = Debug|Any CPU
		Release|Any CPU = Release|Any CPU
	EndGlobalSection
	GlobalSection(ProjectConfigurationPlatforms) = postSolution
		{1E91E65C-2C1C-4D38-9B25-F7EB2F3BB22E}.Debug|Any CPU.ActiveCfg = Debug|Any CPU
		{1E91E65C-2C1C-4D38-9B25-F7EB2F3BB22E}.Debug|Any CPU.Build.0 = Debug|Any CPU
		{1E91E65C-2C1C-4D38-9B25-F7EB2F3BB22E}.Release|Any CPU.ActiveCfg = Release|Any CPU
		{1E91E65C-2C1C-4D38-9B25-F7EB2F3BB22E}.Release|Any CPU.Build.0 = Release|Any CPU
	EndGlobalSection
	GlobalSection(SolutionProperties) = preSolution
		HideSolutionNode = FALSE
	EndGlobalSection
	GlobalSection(ExtensibilityGlobals) = postSolution
		SolutionGuid = {94D241A9-7B31-49AA-B7FC-7A3B1A4A08D0}
	EndGlobalSection
EndGlobal
